PODS:
  - DropDown (2.3.13)
  - LIHAlert (2.1.1)
  - Realm (10.42.1):
    - Realm/Headers (= 10.42.1)
  - Realm/Headers (10.42.1)
  - RealmSwift (10.42.1):
    - Realm (= 10.42.1)
  - SDWebImage (5.18.0):
    - SDWebImage/Core (= 5.18.0)
  - SDWebImage/Core (5.18.0)
  - SwiftEntryKit (2.0.0)
  - SwiftMessages (9.0.6):
    - SwiftMessages/App (= 9.0.6)
  - SwiftMessages/App (9.0.6)

DEPENDENCIES:
  - DropDown
  - LIHAlert
  - RealmSwift
  - SDWebImage
  - SwiftEntryKit
  - SwiftMessages

SPEC REPOS:
  trunk:
    - DropDown
    - LIHAlert
    - Realm
    - RealmSwift
    - SDWebImage
    - SwiftEntryKit
    - SwiftMessages

SPEC CHECKSUMS:
  DropDown: 8a2116376c1981888557f72ec2ffc9a5e0e456ec
  LIHAlert: a027605673986d03b896e4f4a901f393b15840b9
  Realm: f433b80a05f68575e88364d6fcc6234965ccc5af
  RealmSwift: 757e1416e2314f7e1543abdb2aa65b311d7b6545
  SDWebImage: 182830bcddc30cde95fbc60dfe4badc3553d94ba
  SwiftEntryKit: 61b5fa36f34a97dd8013e48a7345bc4c4720be9a
  SwiftMessages: f0c7ef4705a570ad6c5e208b611f4333e660ed92

PODFILE CHECKSUM: ea4a7729cf6af002f52146b23237bd1421feca8f

COCOAPODS: 1.11.3
